
Microsoft Visual Studio Solution File, Format Version 12.00
# Visual Studio Version 17
VisualStudioVersion = 17.8.34330.188
MinimumVisualStudioVersion = 10.0.40219.1
Project("{FAE04EC0-301F-11D3-BF4B-00C04F79EFBC}") = "Week13SQLiteDB", "Week13SQLiteDB.csproj", "{FEDDAEE5-44BC-46DE-A845-7D4D1A1203D1}"
EndProject
Global
	GlobalSection(SolutionConfigurationPlatforms) = preSolution
		Debug|Any CPU = Debug|Any CPU
		Release|Any CPU = Release|Any CPU
	EndGlobalSection
	GlobalSection(ProjectConfigurationPlatforms) = postSolution
		{FEDDAEE5-44BC-46DE-A845-7D4D1A1203D1}.Debug|Any CPU.ActiveCfg = Debug|Any CPU
		{FEDDAEE5-44BC-46DE-A845-7D4D1A1203D1}.Debug|Any CPU.Build.0 = Debug|Any CPU
		{FEDDAEE5-44BC-46DE-A845-7D4D1A1203D1}.Release|Any CPU.ActiveCfg = Release|Any CPU
		{FEDDAEE5-44BC-46DE-A845-7D4D1A1203D1}.Release|Any CPU.Build.0 = Release|Any CPU
	EndGlobalSection
	GlobalSection(SolutionProperties) = preSolution
		HideSolutionNode = FALSE
	EndGlobalSection
	GlobalSection(ExtensibilityGlobals) = postSolution
		SolutionGuid = {2BD632EE-4391-4BD1-8897-ABA1A5604762}
	EndGlobalSection
EndGlobal
